
Microsoft Visual Studio Solution File, Format Version 12.00
# Visual Studio Version 16
VisualStudioVersion = 16.0.32602.291
MinimumVisualStudioVersion = 10.0.40219.1
Project("{FAE04EC0-301F-11D3-BF4B-00C04F79EFBC}") = "SolidHeight", "SolidHeight.csproj", "{FA19412A-4302-47EA-930E-3C6A95E4BDB0}"
EndProject
Global
	GlobalSection(SolutionConfigurationPlatforms) = preSolution
		Debug|Any CPU = Debug|Any CPU
		Release|Any CPU = Release|Any CPU
	EndGlobalSection
	GlobalSection(ProjectConfigurationPlatforms) = postSolution
		{FA19412A-4302-47EA-930E-3C6A95E4BDB0}.Debug|Any CPU.ActiveCfg = Debug|Any CPU
		{FA19412A-4302-47EA-930E-3C6A95E4BDB0}.Debug|Any CPU.Build.0 = Debug|Any CPU
		{FA19412A-4302-47EA-930E-3C6A95E4BDB0}.Release|Any CPU.ActiveCfg = Release|Any CPU
		{FA19412A-4302-47EA-930E-3C6A95E4BDB0}.Release|Any CPU.Build.0 = Release|Any CPU
	EndGlobalSection
	GlobalSection(SolutionProperties) = preSolution
		HideSolutionNode = FALSE
	EndGlobalSection
	GlobalSection(ExtensibilityGlobals) = postSolution
		SolutionGuid = {FE83276C-6D56-4F45-BC5A-5676644D0C65}
	EndGlobalSection
EndGlobal
